<?xml version="1.0" encoding="utf-8"?>
<Project ToolsVersion="4.0" xmlns="http://schemas.microsoft.com/developer/msbuild/2003">
  <ItemGroup>
    <Filter Include="Source Files">
      <UniqueIdentifier>{c5887337-56c9-4b2d-b00b-c95325bd54dd}</UniqueIdentifier>
      <Extensions>cpp</Extensions>
    </Filter>
    <Filter Include="Header Files">
      <UniqueIdentifier>{337f6944-5afc-4d47-ab00-7ced63fffa2d}</UniqueIdentifier>
      <Extensions>h</Extensions>
    </Filter>
    <Filter Include="utility">
      <UniqueIdentifier>{67c32d45-42b5-4193-9501-ab64e7a41435}</UniqueIdentifier>
    </Filter>
  </ItemGroup>
  <ItemGroup>
    <ClCompile Include="curry.cpp">
      <Filter>Source Files</Filter>
    </ClCompile>
    <ClCompile Include="functional.cpp">
      <Filter>Source Files</Filter>
    </ClCompile>
    <ClCompile Include="wrap.cpp">
      <Filter>Source Files</Filter>
    </ClCompile>
    <ClCompile Include="realtime.cpp">
      <Filter>Source Files</Filter>
    </ClCompile>
    <ClCompile Include="apply.cpp">
      <Filter>Source Files</Filter>
    </ClCompile>
    <ClCompile Include="..\xllutility\addin.cpp">
      <Filter>utility</Filter>
    </ClCompile>
    <ClCompile Include="..\xllutility\document.cpp">
      <Filter>utility</Filter>
    </ClCompile>
    <ClCompile Include="oper.cpp">
      <Filter>Source Files</Filter>
    </ClCompile>
  </ItemGroup>
  <ItemGroup>
    <ClInclude Include="functional.h">
      <Filter>Header Files</Filter>
    </ClInclude>
    <ClInclude Include="..\xllutility\document.h">
      <Filter>utility</Filter>
    </ClInclude>
  </ItemGroup>
  <ItemGroup>
    <None Include="functional.xml" />
  </ItemGroup>
</Project>